{
  "nodes": {
    "nixarr": {
      "inputs": {
        "nixpkgs": [
          "nixpkgs"
        ],
        "vpnconfinement": "vpnconfinement",
        "website-builder": "website-builder"
      },
      "locked": {
        "lastModified": 1750671039,
        "narHash": "sha256-bqxLYQKrreAyygRtMtXaJ1vzPmKAjOddWu13z6WQGGQ=",
        "owner": "rasmus-kirk",
        "repo": "nixarr",
        "rev": "decf631992b88882fb42285739ce716cf7895910",
        "type": "github"
      },
      "original": {
        "owner": "rasmus-kirk",
        "ref": "dev",
        "repo": "nixarr",
        "type": "github"
      }
    },
    "nixpkgs": {
      "locked": {
        "lastModified": 1752687322,
        "narHash": "sha256-RKwfXA4OZROjBTQAl9WOZQFm7L8Bo93FQwSJpAiSRvo=",
        "owner": "nixos",
        "repo": "nixpkgs",
        "rev": "6e987485eb2c77e5dcc5af4e3c70843711ef9251",
        "type": "github"
      },
      "original": {
        "owner": "nixos",
        "ref": "nixos-unstable",
        "repo": "nixpkgs",
        "type": "github"
      }
    },
    "root": {
      "inputs": {
        "nixarr": "nixarr",
        "nixpkgs": "nixpkgs"
      }
    },
    "vpnconfinement": {
      "locked": {
        "lastModified": 1749672087,
        "narHash": "sha256-j8LG0s0QcvNkZZLcItl78lvTZemvsScir0dG3Ii4B1c=",
        "owner": "Maroka-chan",
        "repo": "VPN-Confinement",
        "rev": "880b3bd2c864dce4f6afc79f6580ca699294c011",
        "type": "github"
      },
      "original": {
        "owner": "Maroka-chan",
        "repo": "VPN-Confinement",
        "type": "github"
      }
    },
    "website-builder": {
      "inputs": {
        "nixpkgs": [
          "nixarr",
          "nixpkgs"
        ]
      },
      "locked": {
        "lastModified": 1750317638,
        "narHash": "sha256-B4RWcXXOLO6gMeYyV+K4olu+kGGsYamKH+JAm0cIXqI=",
        "owner": "rasmus-kirk",
        "repo": "website-builder",
        "rev": "b54192000a00e865947f45bacf3184d56363ee38",
        "type": "github"
      },
      "original": {
        "owner": "rasmus-kirk",
        "repo": "website-builder",
        "type": "github"
      }
    }
  },
  "root": "root",
  "version": 7
}
